
Microsoft Visual Studio Solution File, Format Version 12.00
# Visual Studio 2013
VisualStudioVersion = 12.0.40629.0
MinimumVisualStudioVersion = 10.0.40219.1
Project("{FAE04EC0-301F-11D3-BF4B-00C04F79EFBC}") = "WindowsFormsApplication1", "WindowsFormsApplication1\WindowsFormsApplication1.csproj", "{55195174-8C3F-44F4-A48C-2EEB69CEED4E}"
EndProject
Project("{FAE04EC0-301F-11D3-BF4B-00C04F79EFBC}") = "Bento_system", "Bento_system\Bento_system.csproj", "{2B271FBA-7A9D-481A-9D13-45CAD2F5166D}"
EndProject
Global
	GlobalSection(SolutionConfigurationPlatforms) = preSolution
		Debug|Any CPU = Debug|Any CPU
		Release|Any CPU = Release|Any CPU
	EndGlobalSection
	GlobalSection(ProjectConfigurationPlatforms) = postSolution
		{55195174-8C3F-44F4-A48C-2EEB69CEED4E}.Debug|Any CPU.ActiveCfg = Debug|Any CPU
		{55195174-8C3F-44F4-A48C-2EEB69CEED4E}.Debug|Any CPU.Build.0 = Debug|Any CPU
		{55195174-8C3F-44F4-A48C-2EEB69CEED4E}.Release|Any CPU.ActiveCfg = Release|Any CPU
		{55195174-8C3F-44F4-A48C-2EEB69CEED4E}.Release|Any CPU.Build.0 = Release|Any CPU
		{2B271FBA-7A9D-481A-9D13-45CAD2F5166D}.Debug|Any CPU.ActiveCfg = Debug|Any CPU
		{2B271FBA-7A9D-481A-9D13-45CAD2F5166D}.Debug|Any CPU.Build.0 = Debug|Any CPU
		{2B271FBA-7A9D-481A-9D13-45CAD2F5166D}.Release|Any CPU.ActiveCfg = Release|Any CPU
		{2B271FBA-7A9D-481A-9D13-45CAD2F5166D}.Release|Any CPU.Build.0 = Release|Any CPU
	EndGlobalSection
	GlobalSection(SolutionProperties) = preSolution
		HideSolutionNode = FALSE
	EndGlobalSection
EndGlobal
